
Microsoft Visual Studio Solution File, Format Version 12.00
# Visual Studio Version 17
VisualStudioVersion = 17.14.36127.28 d17.14
MinimumVisualStudioVersion = 10.0.40219.1
Project("{FAE04EC0-301F-11D3-BF4B-00C04F79EFBC}") = "InterfaceConsole", "InterfaceConsole.csproj", "{D6BB1C1F-D117-4F3B-8586-82066CA2AADB}"
EndProject
Global
	GlobalSection(SolutionConfigurationPlatforms) = preSolution
		Debug|Any CPU = Debug|Any CPU
		Release|Any CPU = Release|Any CPU
	EndGlobalSection
	GlobalSection(ProjectConfigurationPlatforms) = postSolution
		{D6BB1C1F-D117-4F3B-8586-82066CA2AADB}.Debug|Any CPU.ActiveCfg = Debug|Any CPU
		{D6BB1C1F-D117-4F3B-8586-82066CA2AADB}.Debug|Any CPU.Build.0 = Debug|Any CPU
		{D6BB1C1F-D117-4F3B-8586-82066CA2AADB}.Release|Any CPU.ActiveCfg = Release|Any CPU
		{D6BB1C1F-D117-4F3B-8586-82066CA2AADB}.Release|Any CPU.Build.0 = Release|Any CPU
	EndGlobalSection
	GlobalSection(SolutionProperties) = preSolution
		HideSolutionNode = FALSE
	EndGlobalSection
	GlobalSection(ExtensibilityGlobals) = postSolution
		SolutionGuid = {C75B30A7-283A-467E-B0DC-3A1DC04B46CD}
	EndGlobalSection
EndGlobal
